
Microsoft Visual Studio Solution File, Format Version 12.00
# Visual Studio Version 17
VisualStudioVersion = 17.0.31903.59
MinimumVisualStudioVersion = 10.0.40219.1
Project("{FAE04EC0-301F-11D3-BF4B-00C04F79EFBC}") = "VetClinicManager", "VetClinicManager\VetClinicManager.csproj", "{BFAA143C-D506-4A9D-B43B-644ABB893C75}"
EndProject
Project("{FAE04EC0-301F-11D3-BF4B-00C04F79EFBC}") = "VetClinicManager.Tests.Unit", "VetClinicManager.Tests.Unit\VetClinicManager.Tests.Unit.csproj", "{E1043DB7-5C9B-4BCA-9318-CC1B4BF7E146}"
EndProject
Project("{FAE04EC0-301F-11D3-BF4B-00C04F79EFBC}") = "NBomberTester", "NBomberTester\NBomberTester.csproj", "{7E197C86-E06F-4136-8715-1D3A2791C365}"
EndProject
Global
	GlobalSection(SolutionConfigurationPlatforms) = preSolution
		Debug|Any CPU = Debug|Any CPU
		Release|Any CPU = Release|Any CPU
	EndGlobalSection
	GlobalSection(SolutionProperties) = preSolution
		HideSolutionNode = FALSE
	EndGlobalSection
	GlobalSection(ProjectConfigurationPlatforms) = postSolution
		{BFAA143C-D506-4A9D-B43B-644ABB893C75}.Debug|Any CPU.ActiveCfg = Debug|Any CPU
		{BFAA143C-D506-4A9D-B43B-644ABB893C75}.Debug|Any CPU.Build.0 = Debug|Any CPU
		{BFAA143C-D506-4A9D-B43B-644ABB893C75}.Release|Any CPU.ActiveCfg = Release|Any CPU
		{BFAA143C-D506-4A9D-B43B-644ABB893C75}.Release|Any CPU.Build.0 = Release|Any CPU
		{E1043DB7-5C9B-4BCA-9318-CC1B4BF7E146}.Debug|Any CPU.ActiveCfg = Debug|Any CPU
		{E1043DB7-5C9B-4BCA-9318-CC1B4BF7E146}.Debug|Any CPU.Build.0 = Debug|Any CPU
		{E1043DB7-5C9B-4BCA-9318-CC1B4BF7E146}.Release|Any CPU.ActiveCfg = Release|Any CPU
		{E1043DB7-5C9B-4BCA-9318-CC1B4BF7E146}.Release|Any CPU.Build.0 = Release|Any CPU
		{7E197C86-E06F-4136-8715-1D3A2791C365}.Debug|Any CPU.ActiveCfg = Debug|Any CPU
		{7E197C86-E06F-4136-8715-1D3A2791C365}.Debug|Any CPU.Build.0 = Debug|Any CPU
		{7E197C86-E06F-4136-8715-1D3A2791C365}.Release|Any CPU.ActiveCfg = Release|Any CPU
		{7E197C86-E06F-4136-8715-1D3A2791C365}.Release|Any CPU.Build.0 = Release|Any CPU
	EndGlobalSection
EndGlobal
